
Microsoft Visual Studio Solution File, Format Version 12.00
# Visual Studio Version 17
VisualStudioVersion = 17.0.31903.59
MinimumVisualStudioVersion = 10.0.40219.1
Project("{FAE04EC0-301F-11D3-BF4B-00C04F79EFBC}") = "API", "API\API.csproj", "{CD99FA34-DAEA-4186-AF8E-683B3E3ADD07}"
EndProject
Project("{FAE04EC0-301F-11D3-BF4B-00C04F79EFBC}") = "Infrastructure", "Infrastructure\Infrastructure.csproj", "{B1279234-B060-49A3-9450-E0D7F40E7DDF}"
EndProject
Project("{FAE04EC0-301F-11D3-BF4B-00C04F79EFBC}") = "Core", "Core\Core.csproj", "{8D751D49-C7D2-4D11-B074-516E4FA073F9}"
EndProject
Global
	GlobalSection(SolutionConfigurationPlatforms) = preSolution
		Debug|Any CPU = Debug|Any CPU
		Debug|x64 = Debug|x64
		Debug|x86 = Debug|x86
		Release|Any CPU = Release|Any CPU
		Release|x64 = Release|x64
		Release|x86 = Release|x86
	EndGlobalSection
	GlobalSection(ProjectConfigurationPlatforms) = postSolution
		{CD99FA34-DAEA-4186-AF8E-683B3E3ADD07}.Debug|Any CPU.ActiveCfg = Debug|Any CPU
		{CD99FA34-DAEA-4186-AF8E-683B3E3ADD07}.Debug|Any CPU.Build.0 = Debug|Any CPU
		{CD99FA34-DAEA-4186-AF8E-683B3E3ADD07}.Debug|x64.ActiveCfg = Debug|Any CPU
		{CD99FA34-DAEA-4186-AF8E-683B3E3ADD07}.Debug|x64.Build.0 = Debug|Any CPU
		{CD99FA34-DAEA-4186-AF8E-683B3E3ADD07}.Debug|x86.ActiveCfg = Debug|Any CPU
		{CD99FA34-DAEA-4186-AF8E-683B3E3ADD07}.Debug|x86.Build.0 = Debug|Any CPU
		{CD99FA34-DAEA-4186-AF8E-683B3E3ADD07}.Release|Any CPU.ActiveCfg = Release|Any CPU
		{CD99FA34-DAEA-4186-AF8E-683B3E3ADD07}.Release|Any CPU.Build.0 = Release|Any CPU
		{CD99FA34-DAEA-4186-AF8E-683B3E3ADD07}.Release|x64.ActiveCfg = Release|Any CPU
		{CD99FA34-DAEA-4186-AF8E-683B3E3ADD07}.Release|x64.Build.0 = Release|Any CPU
		{CD99FA34-DAEA-4186-AF8E-683B3E3ADD07}.Release|x86.ActiveCfg = Release|Any CPU
		{CD99FA34-DAEA-4186-AF8E-683B3E3ADD07}.Release|x86.Build.0 = Release|Any CPU
		{B1279234-B060-49A3-9450-E0D7F40E7DDF}.Debug|Any CPU.ActiveCfg = Debug|Any CPU
		{B1279234-B060-49A3-9450-E0D7F40E7DDF}.Debug|Any CPU.Build.0 = Debug|Any CPU
		{B1279234-B060-49A3-9450-E0D7F40E7DDF}.Debug|x64.ActiveCfg = Debug|Any CPU
		{B1279234-B060-49A3-9450-E0D7F40E7DDF}.Debug|x64.Build.0 = Debug|Any CPU
		{B1279234-B060-49A3-9450-E0D7F40E7DDF}.Debug|x86.ActiveCfg = Debug|Any CPU
		{B1279234-B060-49A3-9450-E0D7F40E7DDF}.Debug|x86.Build.0 = Debug|Any CPU
		{B1279234-B060-49A3-9450-E0D7F40E7DDF}.Release|Any CPU.ActiveCfg = Release|Any CPU
		{B1279234-B060-49A3-9450-E0D7F40E7DDF}.Release|Any CPU.Build.0 = Release|Any CPU
		{B1279234-B060-49A3-9450-E0D7F40E7DDF}.Release|x64.ActiveCfg = Release|Any CPU
		{B1279234-B060-49A3-9450-E0D7F40E7DDF}.Release|x64.Build.0 = Release|Any CPU
		{B1279234-B060-49A3-9450-E0D7F40E7DDF}.Release|x86.ActiveCfg = Release|Any CPU
		{B1279234-B060-49A3-9450-E0D7F40E7DDF}.Release|x86.Build.0 = Release|Any CPU
		{8D751D49-C7D2-4D11-B074-516E4FA073F9}.Debug|Any CPU.ActiveCfg = Debug|Any CPU
		{8D751D49-C7D2-4D11-B074-516E4FA073F9}.Debug|Any CPU.Build.0 = Debug|Any CPU
		{8D751D49-C7D2-4D11-B074-516E4FA073F9}.Debug|x64.ActiveCfg = Debug|Any CPU
		{8D751D49-C7D2-4D11-B074-516E4FA073F9}.Debug|x64.Build.0 = Debug|Any CPU
		{8D751D49-C7D2-4D11-B074-516E4FA073F9}.Debug|x86.ActiveCfg = Debug|Any CPU
		{8D751D49-C7D2-4D11-B074-516E4FA073F9}.Debug|x86.Build.0 = Debug|Any CPU
		{8D751D49-C7D2-4D11-B074-516E4FA073F9}.Release|Any CPU.ActiveCfg = Release|Any CPU
		{8D751D49-C7D2-4D11-B074-516E4FA073F9}.Release|Any CPU.Build.0 = Release|Any CPU
		{8D751D49-C7D2-4D11-B074-516E4FA073F9}.Release|x64.ActiveCfg = Release|Any CPU
		{8D751D49-C7D2-4D11-B074-516E4FA073F9}.Release|x64.Build.0 = Release|Any CPU
		{8D751D49-C7D2-4D11-B074-516E4FA073F9}.Release|x86.ActiveCfg = Release|Any CPU
		{8D751D49-C7D2-4D11-B074-516E4FA073F9}.Release|x86.Build.0 = Release|Any CPU
	EndGlobalSection
	GlobalSection(SolutionProperties) = preSolution
		HideSolutionNode = FALSE
	EndGlobalSection
EndGlobal
